
Microsoft Visual Studio Solution File, Format Version 12.00
# Visual Studio Version 16
VisualStudioVersion = 16.0.29424.173
MinimumVisualStudioVersion = 10.0.40219.1
Project("{9A19103F-16F7-4668-BE54-9A1E7A4F7556}") = "ObsidianTools", "ObsidianTools\ObsidianTools.csproj", "{A0F5C745-F7BC-4786-BE62-E25462E29B63}"
EndProject
Project("{FAE04EC0-301F-11D3-BF4B-00C04F79EFBC}") = "ObsidianTools.Test", "ObsidianTools.Test\ObsidianTools.Test.csproj", "{C116DF1F-A4A3-447D-9441-B3A4D1FA6986}"
EndProject
Global
	GlobalSection(SolutionConfigurationPlatforms) = preSolution
		Debug|Any CPU = Debug|Any CPU
		Release|Any CPU = Release|Any CPU
	EndGlobalSection
	GlobalSection(ProjectConfigurationPlatforms) = postSolution
		{A0F5C745-F7BC-4786-BE62-E25462E29B63}.Debug|Any CPU.ActiveCfg = Debug|Any CPU
		{A0F5C745-F7BC-4786-BE62-E25462E29B63}.Debug|Any CPU.Build.0 = Debug|Any CPU
		{A0F5C745-F7BC-4786-BE62-E25462E29B63}.Release|Any CPU.ActiveCfg = Release|Any CPU
		{A0F5C745-F7BC-4786-BE62-E25462E29B63}.Release|Any CPU.Build.0 = Release|Any CPU
		{C116DF1F-A4A3-447D-9441-B3A4D1FA6986}.Debug|Any CPU.ActiveCfg = Debug|Any CPU
		{C116DF1F-A4A3-447D-9441-B3A4D1FA6986}.Debug|Any CPU.Build.0 = Debug|Any CPU
		{C116DF1F-A4A3-447D-9441-B3A4D1FA6986}.Release|Any CPU.ActiveCfg = Release|Any CPU
		{C116DF1F-A4A3-447D-9441-B3A4D1FA6986}.Release|Any CPU.Build.0 = Release|Any CPU
	EndGlobalSection
	GlobalSection(SolutionProperties) = preSolution
		HideSolutionNode = FALSE
	EndGlobalSection
	GlobalSection(ExtensibilityGlobals) = postSolution
		SolutionGuid = {32741955-EF1A-4DC3-A019-FD3C3DEE0AF8}
	EndGlobalSection
EndGlobal
